
Microsoft Visual Studio Solution File, Format Version 12.00
# Visual Studio Version 16
VisualStudioVersion = 16.0.30804.86
MinimumVisualStudioVersion = 10.0.40219.1
Project("{FAE04EC0-301F-11D3-BF4B-00C04F79EFBC}") = "GeniusTranslate", "GeniusTranslate\GeniusTranslate.csproj", "{A67E373D-05E5-48A7-9C2B-6D83B086FBD5}"
EndProject
Global
	GlobalSection(SolutionConfigurationPlatforms) = preSolution
		Debug|Any CPU = Debug|Any CPU
		Release|Any CPU = Release|Any CPU
	EndGlobalSection
	GlobalSection(ProjectConfigurationPlatforms) = postSolution
		{A67E373D-05E5-48A7-9C2B-6D83B086FBD5}.Debug|Any CPU.ActiveCfg = Debug|Any CPU
		{A67E373D-05E5-48A7-9C2B-6D83B086FBD5}.Debug|Any CPU.Build.0 = Debug|Any CPU
		{A67E373D-05E5-48A7-9C2B-6D83B086FBD5}.Release|Any CPU.ActiveCfg = Release|Any CPU
		{A67E373D-05E5-48A7-9C2B-6D83B086FBD5}.Release|Any CPU.Build.0 = Release|Any CPU
	EndGlobalSection
	GlobalSection(SolutionProperties) = preSolution
		HideSolutionNode = FALSE
	EndGlobalSection
	GlobalSection(ExtensibilityGlobals) = postSolution
		SolutionGuid = {048B607B-4AE1-4258-9127-8DB3D3EB0F04}
	EndGlobalSection
EndGlobal
